// !$*UTF8*$!
{
	archiveVersion = 1;
	classes = {
	};
	objectVersion = 56;
	objects = {

/* Begin PBXBuildFile section */
		3E3A60CC2C4970F100594051 /* AppDelegate.swift in Sources */ = {isa = PBXBuildFile; fileRef = 3E3A60CB2C4970F100594051 /* AppDelegate.swift */; };
		3E3A60CE2C4970F100594051 /* SceneDelegate.swift in Sources */ = {isa = PBXBuildFile; fileRef = 3E3A60CD2C4970F100594051 /* SceneDelegate.swift */; };
		3E3A60D02C4970F100594051 /* ViewController.swift in Sources */ = {isa = PBXBuildFile; fileRef = 3E3A60CF2C4970F100594051 /* ViewController.swift */; };
		3E3A60D32C4970F100594051 /* Base in Resources */ = {isa = PBXBuildFile; fileRef = 3E3A60D22C4970F100594051 /* Base */; };
		3E3A60D52C4970F300594051 /* Assets.xcassets in Resources */ = {isa = PBXBuildFile; fileRef = 3E3A60D42C4970F300594051 /* Assets.xcassets */; };
		3E3A60D82C4970F300594051 /* Base in Resources */ = {isa = PBXBuildFile; fileRef = 3E3A60D72C4970F300594051 /* Base */; };
		3E3A60E32C4970F300594051 /* AwesomeProjectTests.swift in Sources */ = {isa = PBXBuildFile; fileRef = 3E3A60E22C4970F300594051 /* AwesomeProjectTests.swift */; };
		3E3A60ED2C4970F300594051 /* AwesomeProjectUITests.swift in Sources */ = {isa = PBXBuildFile; fileRef = 3E3A60EC2C4970F300594051 /* AwesomeProjectUITests.swift */; };
		3E3A60EF2C4970F300594051 /* AwesomeProjectUITestsLaunchTests.swift in Sources */ = {isa = PBXBuildFile; fileRef = 3E3A60EE2C4970F300594051 /* AwesomeProjectUITestsLaunchTests.swift */; };
		3E3A61022C54E4E400594051 /* AwesomeProject.swift in Sources */ = {isa = PBXBuildFile; fileRef = 3E3A61012C54E4E400594051 /* AwesomeProject.swift */; };
		3E3A61032C54E4E400594051 /* AwesomeProject.swift in Sources */ = {isa = PBXBuildFile; fileRef = 3E3A61012C54E4E400594051 /* AwesomeProject.swift */; };
		3E3A61042C54E4E400594051 /* AwesomeProject.swift in Sources */ = {isa = PBXBuildFile; fileRef = 3E3A61012C54E4E400594051 /* AwesomeProject.swift */; };
		3E3A61072C54E54700594051 /* AWRNManager.swift in Sources */ = {isa = PBXBuildFile; fileRef = 3E3A61062C54E54700594051 /* AWRNManager.swift */; };
		3E3A61082C54E54700594051 /* AWRNManager.swift in Sources */ = {isa = PBXBuildFile; fileRef = 3E3A61062C54E54700594051 /* AWRNManager.swift */; };
		3E3A61092C54E54700594051 /* AWRNManager.swift in Sources */ = {isa = PBXBuildFile; fileRef = 3E3A61062C54E54700594051 /* AWRNManager.swift */; };
		3E3A610E2C54E93800594051 /* AWUIEeventManager.m in Sources */ = {isa = PBXBuildFile; fileRef = 3E3A610D2C54E93800594051 /* AWUIEeventManager.m */; };
		3E3A610F2C54E93800594051 /* AWUIEeventManager.m in Sources */ = {isa = PBXBuildFile; fileRef = 3E3A610D2C54E93800594051 /* AWUIEeventManager.m */; };
		3E3A61102C54E93800594051 /* AWUIEeventManager.m in Sources */ = {isa = PBXBuildFile; fileRef = 3E3A610D2C54E93800594051 /* AWUIEeventManager.m */; };
		3E3A61132C54F4EC00594051 /* EventEmitterModule.m in Sources */ = {isa = PBXBuildFile; fileRef = 3E3A61122C54F4EC00594051 /* EventEmitterModule.m */; };
		3E3A61142C54F4EC00594051 /* EventEmitterModule.m in Sources */ = {isa = PBXBuildFile; fileRef = 3E3A61122C54F4EC00594051 /* EventEmitterModule.m */; };
		3E3A61152C54F4EC00594051 /* EventEmitterModule.m in Sources */ = {isa = PBXBuildFile; fileRef = 3E3A61122C54F4EC00594051 /* EventEmitterModule.m */; };
		4F48EC34CFC486B3F1F98BBA /* PrivacyInfo.xcprivacy in Resources */ = {isa = PBXBuildFile; fileRef = 853D8923EF2A813F072AB150 /* PrivacyInfo.xcprivacy */; };
		9C5BB0DDC50C0ECDD68A2540 /* libPods-AwesomeProject-AwesomeProjectTests.a in Frameworks */ = {isa = PBXBuildFile; fileRef = DD626818555CFE9DF91EC6C6 /* libPods-AwesomeProject-AwesomeProjectTests.a */; };
		AFE6A438782E79ECA07FE8FF /* libPods-AwesomeProject.a in Frameworks */ = {isa = PBXBuildFile; fileRef = 111EF1DC1AF253464429D44A /* libPods-AwesomeProject.a */; };
/* End PBXBuildFile section */

/* Begin PBXContainerItemProxy section */
		3E3A60DF2C4970F300594051 /* PBXContainerItemProxy */ = {
			isa = PBXContainerItemProxy;
			containerPortal = 3E3A60C02C4970F100594051 /* Project object */;
			proxyType = 1;
			remoteGlobalIDString = 3E3A60C72C4970F100594051;
			remoteInfo = AwesomeProject;
		};
		3E3A60E92C4970F300594051 /* PBXContainerItemProxy */ = {
			isa = PBXContainerItemProxy;
			containerPortal = 3E3A60C02C4970F100594051 /* Project object */;
			proxyType = 1;
			remoteGlobalIDString = 3E3A60C72C4970F100594051;
			remoteInfo = AwesomeProject;
		};
/* End PBXContainerItemProxy section */

/* Begin PBXFileReference section */
		111EF1DC1AF253464429D44A /* libPods-AwesomeProject.a */ = {isa = PBXFileReference; explicitFileType = archive.ar; includeInIndex = 0; path = "libPods-AwesomeProject.a"; sourceTree = BUILT_PRODUCTS_DIR; };
		3E3A60C82C4970F100594051 /* AwesomeProject.app */ = {isa = PBXFileReference; explicitFileType = wrapper.application; includeInIndex = 0; path = AwesomeProject.app; sourceTree = BUILT_PRODUCTS_DIR; };
		3E3A60CB2C4970F100594051 /* AppDelegate.swift */ = {isa = PBXFileReference; lastKnownFileType = sourcecode.swift; path = AppDelegate.swift; sourceTree = "<group>"; };
		3E3A60CD2C4970F100594051 /* SceneDelegate.swift */ = {isa = PBXFileReference; lastKnownFileType = sourcecode.swift; path = SceneDelegate.swift; sourceTree = "<group>"; };
		3E3A60CF2C4970F100594051 /* ViewController.swift */ = {isa = PBXFileReference; lastKnownFileType = sourcecode.swift; path = ViewController.swift; sourceTree = "<group>"; };
		3E3A60D22C4970F100594051 /* Base */ = {isa = PBXFileReference; lastKnownFileType = file.storyboard; name = Base; path = Base.lproj/Main.storyboard; sourceTree = "<group>"; };
		3E3A60D42C4970F300594051 /* Assets.xcassets */ = {isa = PBXFileReference; lastKnownFileType = folder.assetcatalog; path = Assets.xcassets; sourceTree = "<group>"; };
		3E3A60D72C4970F300594051 /* Base */ = {isa = PBXFileReference; lastKnownFileType = file.storyboard; name = Base; path = Base.lproj/LaunchScreen.storyboard; sourceTree = "<group>"; };
		3E3A60D92C4970F300594051 /* Info.plist */ = {isa = PBXFileReference; lastKnownFileType = text.plist.xml; path = Info.plist; sourceTree = "<group>"; };
		3E3A60DE2C4970F300594051 /* AwesomeProjectTests.xctest */ = {isa = PBXFileReference; explicitFileType = wrapper.cfbundle; includeInIndex = 0; path = AwesomeProjectTests.xctest; sourceTree = BUILT_PRODUCTS_DIR; };
		3E3A60E22C4970F300594051 /* AwesomeProjectTests.swift */ = {isa = PBXFileReference; lastKnownFileType = sourcecode.swift; path = AwesomeProjectTests.swift; sourceTree = "<group>"; };
		3E3A60E82C4970F300594051 /* AwesomeProjectUITests.xctest */ = {isa = PBXFileReference; explicitFileType = wrapper.cfbundle; includeInIndex = 0; path = AwesomeProjectUITests.xctest; sourceTree = BUILT_PRODUCTS_DIR; };
		3E3A60EC2C4970F300594051 /* AwesomeProjectUITests.swift */ = {isa = PBXFileReference; lastKnownFileType = sourcecode.swift; path = AwesomeProjectUITests.swift; sourceTree = "<group>"; };
		3E3A60EE2C4970F300594051 /* AwesomeProjectUITestsLaunchTests.swift */ = {isa = PBXFileReference; lastKnownFileType = sourcecode.swift; path = AwesomeProjectUITestsLaunchTests.swift; sourceTree = "<group>"; };
		3E3A60FE2C4EAEF000594051 /* AwesomeProject-Bridging-Header.h */ = {isa = PBXFileReference; lastKnownFileType = sourcecode.c.h; path = "AwesomeProject-Bridging-Header.h"; sourceTree = "<group>"; };
		3E3A61012C54E4E400594051 /* AwesomeProject.swift */ = {isa = PBXFileReference; lastKnownFileType = sourcecode.swift; path = AwesomeProject.swift; sourceTree = "<group>"; };
		3E3A61062C54E54700594051 /* AWRNManager.swift */ = {isa = PBXFileReference; lastKnownFileType = sourcecode.swift; path = AWRNManager.swift; sourceTree = "<group>"; };
		3E3A610A2C54E93800594051 /* AwesomeProjectTests-Bridging-Header.h */ = {isa = PBXFileReference; lastKnownFileType = sourcecode.c.h; path = "AwesomeProjectTests-Bridging-Header.h"; sourceTree = "<group>"; };
		3E3A610B2C54E93800594051 /* AwesomeProjectUITests-Bridging-Header.h */ = {isa = PBXFileReference; lastKnownFileType = sourcecode.c.h; path = "AwesomeProjectUITests-Bridging-Header.h"; sourceTree = "<group>"; };
		3E3A610C2C54E93800594051 /* AWUIEeventManager.h */ = {isa = PBXFileReference; lastKnownFileType = sourcecode.c.h; path = AWUIEeventManager.h; sourceTree = "<group>"; };
		3E3A610D2C54E93800594051 /* AWUIEeventManager.m */ = {isa = PBXFileReference; lastKnownFileType = sourcecode.c.objc; path = AWUIEeventManager.m; sourceTree = "<group>"; };
		3E3A61112C54F4EC00594051 /* EventEmitterModule.h */ = {isa = PBXFileReference; lastKnownFileType = sourcecode.c.h; path = EventEmitterModule.h; sourceTree = "<group>"; };
		3E3A61122C54F4EC00594051 /* EventEmitterModule.m */ = {isa = PBXFileReference; lastKnownFileType = sourcecode.c.objc; path = EventEmitterModule.m; sourceTree = "<group>"; };
		853D8923EF2A813F072AB150 /* PrivacyInfo.xcprivacy */ = {isa = PBXFileReference; includeInIndex = 1; lastKnownFileType = text.xml; name = PrivacyInfo.xcprivacy; path = ../PrivacyInfo.xcprivacy; sourceTree = "<group>"; };
		97F6122239E26C1E5436B3E9 /* Pods-AwesomeProject-AwesomeProjectTests.debug.xcconfig */ = {isa = PBXFileReference; includeInIndex = 1; lastKnownFileType = text.xcconfig; name = "Pods-AwesomeProject-AwesomeProjectTests.debug.xcconfig"; path = "Target Support Files/Pods-AwesomeProject-AwesomeProjectTests/Pods-AwesomeProject-AwesomeProjectTests.debug.xcconfig"; sourceTree = "<group>"; };
		A23157E7F1C2F9DAD38A39B5 /* Pods-AwesomeProject-AwesomeProjectTests.release.xcconfig */ = {isa = PBXFileReference; includeInIndex = 1; lastKnownFileType = text.xcconfig; name = "Pods-AwesomeProject-AwesomeProjectTests.release.xcconfig"; path = "Target Support Files/Pods-AwesomeProject-AwesomeProjectTests/Pods-AwesomeProject-AwesomeProjectTests.release.xcconfig"; sourceTree = "<group>"; };
		AA3D0EF44077EDCBDFF7758D /* Pods-AwesomeProject.release.xcconfig */ = {isa = PBXFileReference; includeInIndex = 1; lastKnownFileType = text.xcconfig; name = "Pods-AwesomeProject.release.xcconfig"; path = "Target Support Files/Pods-AwesomeProject/Pods-AwesomeProject.release.xcconfig"; sourceTree = "<group>"; };
		AAF2DA2DEC03C2A825BB0A92 /* Pods-AwesomeProject.debug.xcconfig */ = {isa = PBXFileReference; includeInIndex = 1; lastKnownFileType = text.xcconfig; name = "Pods-AwesomeProject.debug.xcconfig"; path = "Target Support Files/Pods-AwesomeProject/Pods-AwesomeProject.debug.xcconfig"; sourceTree = "<group>"; };
		DD626818555CFE9DF91EC6C6 /* libPods-AwesomeProject-AwesomeProjectTests.a */ = {isa = PBXFileReference; explicitFileType = archive.ar; includeInIndex = 0; path = "libPods-AwesomeProject-AwesomeProjectTests.a"; sourceTree = BUILT_PRODUCTS_DIR; };
/* End PBXFileReference section */

/* Begin PBXFrameworksBuildPhase section */
		3E3A60C52C4970F100594051 /* Frameworks */ = {
			isa = PBXFrameworksBuildPhase;
			buildActionMask = 2147483647;
			files = (
				AFE6A438782E79ECA07FE8FF /* libPods-AwesomeProject.a in Frameworks */,
			);
			runOnlyForDeploymentPostprocessing = 0;
		};
		3E3A60DB2C4970F300594051 /* Frameworks */ = {
			isa = PBXFrameworksBuildPhase;
			buildActionMask = 2147483647;
			files = (
				9C5BB0DDC50C0ECDD68A2540 /* libPods-AwesomeProject-AwesomeProjectTests.a in Frameworks */,
			);
			runOnlyForDeploymentPostprocessing = 0;
		};
		3E3A60E52C4970F300594051 /* Frameworks */ = {
			isa = PBXFrameworksBuildPhase;
			buildActionMask = 2147483647;
			files = (
			);
			runOnlyForDeploymentPostprocessing = 0;
		};
/* End PBXFrameworksBuildPhase section */

/* Begin PBXGroup section */
		0E8156E5A3B54F0E54D0A6E2 /* Frameworks */ = {
			isa = PBXGroup;
			children = (
				111EF1DC1AF253464429D44A /* libPods-AwesomeProject.a */,
				DD626818555CFE9DF91EC6C6 /* libPods-AwesomeProject-AwesomeProjectTests.a */,
			);
			name = Frameworks;
			sourceTree = "<group>";
		};
		3E3A60BF2C4970F100594051 = {
			isa = PBXGroup;
			children = (
				3E3A60CA2C4970F100594051 /* AwesomeProject */,
				3E3A60E12C4970F300594051 /* AwesomeProjectTests */,
				3E3A60EB2C4970F300594051 /* AwesomeProjectUITests */,
				3E3A60C92C4970F100594051 /* Products */,
				C7DA051AFA24B8AA2C088B77 /* Pods */,
				0E8156E5A3B54F0E54D0A6E2 /* Frameworks */,
			);
			sourceTree = "<group>";
		};
		3E3A60C92C4970F100594051 /* Products */ = {
			isa = PBXGroup;
			children = (
				3E3A60C82C4970F100594051 /* AwesomeProject.app */,
				3E3A60DE2C4970F300594051 /* AwesomeProjectTests.xctest */,
				3E3A60E82C4970F300594051 /* AwesomeProjectUITests.xctest */,
			);
			name = Products;
			sourceTree = "<group>";
		};
		3E3A60CA2C4970F100594051 /* AwesomeProject */ = {
			isa = PBXGroup;
			children = (
				3E3A61052C54E51C00594051 /* Manager */,
				3E3A60FB2C4EA4F800594051 /* Module */,
				3E3A60CB2C4970F100594051 /* AppDelegate.swift */,
				3E3A60CD2C4970F100594051 /* SceneDelegate.swift */,
				3E3A60CF2C4970F100594051 /* ViewController.swift */,
				3E3A60D12C4970F100594051 /* Main.storyboard */,
				3E3A60D42C4970F300594051 /* Assets.xcassets */,
				3E3A60D62C4970F300594051 /* LaunchScreen.storyboard */,
				3E3A60D92C4970F300594051 /* Info.plist */,
				853D8923EF2A813F072AB150 /* PrivacyInfo.xcprivacy */,
			);
			path = AwesomeProject;
			sourceTree = "<group>";
		};
		3E3A60E12C4970F300594051 /* AwesomeProjectTests */ = {
			isa = PBXGroup;
			children = (
				3E3A60E22C4970F300594051 /* AwesomeProjectTests.swift */,
			);
			path = AwesomeProjectTests;
			sourceTree = "<group>";
		};
		3E3A60EB2C4970F300594051 /* AwesomeProjectUITests */ = {
			isa = PBXGroup;
			children = (
				3E3A60EC2C4970F300594051 /* AwesomeProjectUITests.swift */,
				3E3A60EE2C4970F300594051 /* AwesomeProjectUITestsLaunchTests.swift */,
			);
			path = AwesomeProjectUITests;
			sourceTree = "<group>";
		};
		3E3A60FB2C4EA4F800594051 /* Module */ = {
			isa = PBXGroup;
			children = (
				3E3A60FE2C4EAEF000594051 /* AwesomeProject-Bridging-Header.h */,
				3E3A61012C54E4E400594051 /* AwesomeProject.swift */,
				3E3A61112C54F4EC00594051 /* EventEmitterModule.h */,
				3E3A61122C54F4EC00594051 /* EventEmitterModule.m */,
			);
			path = Module;
			sourceTree = "<group>";
		};
		3E3A61052C54E51C00594051 /* Manager */ = {
			isa = PBXGroup;
			children = (
				3E3A61062C54E54700594051 /* AWRNManager.swift */,
				3E3A610C2C54E93800594051 /* AWUIEeventManager.h */,
				3E3A610D2C54E93800594051 /* AWUIEeventManager.m */,
				3E3A610A2C54E93800594051 /* AwesomeProjectTests-Bridging-Header.h */,
				3E3A610B2C54E93800594051 /* AwesomeProjectUITests-Bridging-Header.h */,
			);
			path = Manager;
			sourceTree = "<group>";
		};
		C7DA051AFA24B8AA2C088B77 /* Pods */ = {
			isa = PBXGroup;
			children = (
				AAF2DA2DEC03C2A825BB0A92 /* Pods-AwesomeProject.debug.xcconfig */,
				AA3D0EF44077EDCBDFF7758D /* Pods-AwesomeProject.release.xcconfig */,
				97F6122239E26C1E5436B3E9 /* Pods-AwesomeProject-AwesomeProjectTests.debug.xcconfig */,
				A23157E7F1C2F9DAD38A39B5 /* Pods-AwesomeProject-AwesomeProjectTests.release.xcconfig */,
			);
			path = Pods;
			sourceTree = "<group>";
		};
/* End PBXGroup section */

/* Begin PBXNativeTarget section */
		3E3A60C72C4970F100594051 /* AwesomeProject */ = {
			isa = PBXNativeTarget;
			buildConfigurationList = 3E3A60F22C4970F300594051 /* Build configuration list for PBXNativeTarget "AwesomeProject" */;
			buildPhases = (
				483AC1B853ADCE085802B9C9 /* [CP] Check Pods Manifest.lock */,
				3E3A60C42C4970F100594051 /* Sources */,
				3E3A60C52C4970F100594051 /* Frameworks */,
				3E3A60C62C4970F100594051 /* Resources */,
				115531964DC1BB0BE70706AD /* [CP] Embed Pods Frameworks */,
				8AF20DB6B639F0AD1A01B4D0 /* [CP] Copy Pods Resources */,
			);
			buildRules = (
			);
			dependencies = (
			);
			name = AwesomeProject;
			productName = AwesomeProject;
			productReference = 3E3A60C82C4970F100594051 /* AwesomeProject.app */;
			productType = "com.apple.product-type.application";
		};
		3E3A60DD2C4970F300594051 /* AwesomeProjectTests */ = {
			isa = PBXNativeTarget;
			buildConfigurationList = 3E3A60F52C4970F300594051 /* Build configuration list for PBXNativeTarget "AwesomeProjectTests" */;
			buildPhases = (
				147F045437874BD5A147BC2E /* [CP] Check Pods Manifest.lock */,
				3E3A60DA2C4970F300594051 /* Sources */,
				3E3A60DB2C4970F300594051 /* Frameworks */,
				3E3A60DC2C4970F300594051 /* Resources */,
				31F4B8B498C493B4B02C8168 /* [CP] Embed Pods Frameworks */,
				83C86016472B740D5D71317F /* [CP] Copy Pods Resources */,
			);
			buildRules = (
			);
			dependencies = (
				3E3A60E02C4970F300594051 /* PBXTargetDependency */,
			);
			name = AwesomeProjectTests;
			productName = AwesomeProjectTests;
			productReference = 3E3A60DE2C4970F300594051 /* AwesomeProjectTests.xctest */;
			productType = "com.apple.product-type.bundle.unit-test";
		};
		3E3A60E72C4970F300594051 /* AwesomeProjectUITests */ = {
			isa = PBXNativeTarget;
			buildConfigurationList = 3E3A60F82C4970F300594051 /* Build configuration list for PBXNativeTarget "AwesomeProjectUITests" */;
			buildPhases = (
				3E3A60E42C4970F300594051 /* Sources */,
				3E3A60E52C4970F300594051 /* Frameworks */,
				3E3A60E62C4970F300594051 /* Resources */,
			);
			buildRules = (
			);
			dependencies = (
				3E3A60EA2C4970F300594051 /* PBXTargetDependency */,
			);
			name = AwesomeProjectUITests;
			productName = AwesomeProjectUITests;
			productReference = 3E3A60E82C4970F300594051 /* AwesomeProjectUITests.xctest */;
			productType = "com.apple.product-type.bundle.ui-testing";
		};
/* End PBXNativeTarget section */

/* Begin PBXProject section */
		3E3A60C02C4970F100594051 /* Project object */ = {
			isa = PBXProject;
			attributes = {
				BuildIndependentTargetsInParallel = 1;
				LastSwiftUpdateCheck = 1540;
				LastUpgradeCheck = 1540;
				TargetAttributes = {
					3E3A60C72C4970F100594051 = {
						CreatedOnToolsVersion = 15.4;
						LastSwiftMigration = 1540;
					};
					3E3A60DD2C4970F300594051 = {
						CreatedOnToolsVersion = 15.4;
						LastSwiftMigration = 1540;
						TestTargetID = 3E3A60C72C4970F100594051;
					};
					3E3A60E72C4970F300594051 = {
						CreatedOnToolsVersion = 15.4;
						LastSwiftMigration = 1540;
						TestTargetID = 3E3A60C72C4970F100594051;
					};
				};
			};
			buildConfigurationList = 3E3A60C32C4970F100594051 /* Build configuration list for PBXProject "AwesomeProject" */;
			compatibilityVersion = "Xcode 14.0";
			developmentRegion = en;
			hasScannedForEncodings = 0;
			knownRegions = (
				en,
				Base,
			);
			mainGroup = 3E3A60BF2C4970F100594051;
			productRefGroup = 3E3A60C92C4970F100594051 /* Products */;
			projectDirPath = "";
			projectRoot = "";
			targets = (
				3E3A60C72C4970F100594051 /* AwesomeProject */,
				3E3A60DD2C4970F300594051 /* AwesomeProjectTests */,
				3E3A60E72C4970F300594051 /* AwesomeProjectUITests */,
			);
		};
/* End PBXProject section */

/* Begin PBXResourcesBuildPhase section */
		3E3A60C62C4970F100594051 /* Resources */ = {
			isa = PBXResourcesBuildPhase;
			buildActionMask = 2147483647;
			files = (
				3E3A60D52C4970F300594051 /* Assets.xcassets in Resources */,
				3E3A60D82C4970F300594051 /* Base in Resources */,
				3E3A60D32C4970F100594051 /* Base in Resources */,
				4F48EC34CFC486B3F1F98BBA /* PrivacyInfo.xcprivacy in Resources */,
			);
			runOnlyForDeploymentPostprocessing = 0;
		};
		3E3A60DC2C4970F300594051 /* Resources */ = {
			isa = PBXResourcesBuildPhase;
			buildActionMask = 2147483647;
			files = (
			);
			runOnlyForDeploymentPostprocessing = 0;
		};
		3E3A60E62C4970F300594051 /* Resources */ = {
			isa = PBXResourcesBuildPhase;
			buildActionMask = 2147483647;
			files = (
			);
			runOnlyForDeploymentPostprocessing = 0;
		};
/* End PBXResourcesBuildPhase section */

/* Begin PBXShellScriptBuildPhase section */
		115531964DC1BB0BE70706AD /* [CP] Embed Pods Frameworks */ = {
			isa = PBXShellScriptBuildPhase;
			buildActionMask = 2147483647;
			files = (
			);
			inputFileListPaths = (
				"${PODS_ROOT}/Target Support Files/Pods-AwesomeProject/Pods-AwesomeProject-frameworks-${CONFIGURATION}-input-files.xcfilelist",
			);
			name = "[CP] Embed Pods Frameworks";
			outputFileListPaths = (
				"${PODS_ROOT}/Target Support Files/Pods-AwesomeProject/Pods-AwesomeProject-frameworks-${CONFIGURATION}-output-files.xcfilelist",
			);
			runOnlyForDeploymentPostprocessing = 0;
			shellPath = /bin/sh;
			shellScript = "\"${PODS_ROOT}/Target Support Files/Pods-AwesomeProject/Pods-AwesomeProject-frameworks.sh\"\n";
			showEnvVarsInLog = 0;
		};
		147F045437874BD5A147BC2E /* [CP] Check Pods Manifest.lock */ = {
			isa = PBXShellScriptBuildPhase;
			buildActionMask = 2147483647;
			files = (
			);
			inputFileListPaths = (
			);
			inputPaths = (
				"${PODS_PODFILE_DIR_PATH}/Podfile.lock",
				"${PODS_ROOT}/Manifest.lock",
			);
			name = "[CP] Check Pods Manifest.lock";
			outputFileListPaths = (
			);
			outputPaths = (
				"$(DERIVED_FILE_DIR)/Pods-AwesomeProject-AwesomeProjectTests-checkManifestLockResult.txt",
			);
			runOnlyForDeploymentPostprocessing = 0;
			shellPath = /bin/sh;
			shellScript = "diff \"${PODS_PODFILE_DIR_PATH}/Podfile.lock\" \"${PODS_ROOT}/Manifest.lock\" > /dev/null\nif [ $? != 0 ] ; then\n    # print error to STDERR\n    echo \"error: The sandbox is not in sync with the Podfile.lock. Run 'pod install' or update your CocoaPods installation.\" >&2\n    exit 1\nfi\n# This output is used by Xcode 'outputs' to avoid re-running this script phase.\necho \"SUCCESS\" > \"${SCRIPT_OUTPUT_FILE_0}\"\n";
			showEnvVarsInLog = 0;
		};
		31F4B8B498C493B4B02C8168 /* [CP] Embed Pods Frameworks */ = {
			isa = PBXShellScriptBuildPhase;
			buildActionMask = 2147483647;
			files = (
			);
			inputFileListPaths = (
				"${PODS_ROOT}/Target Support Files/Pods-AwesomeProject-AwesomeProjectTests/Pods-AwesomeProject-AwesomeProjectTests-frameworks-${CONFIGURATION}-input-files.xcfilelist",
			);
			name = "[CP] Embed Pods Frameworks";
			outputFileListPaths = (
				"${PODS_ROOT}/Target Support Files/Pods-AwesomeProject-AwesomeProjectTests/Pods-AwesomeProject-AwesomeProjectTests-frameworks-${CONFIGURATION}-output-files.xcfilelist",
			);
			runOnlyForDeploymentPostprocessing = 0;
			shellPath = /bin/sh;
			shellScript = "\"${PODS_ROOT}/Target Support Files/Pods-AwesomeProject-AwesomeProjectTests/Pods-AwesomeProject-AwesomeProjectTests-frameworks.sh\"\n";
			showEnvVarsInLog = 0;
		};
		483AC1B853ADCE085802B9C9 /* [CP] Check Pods Manifest.lock */ = {
			isa = PBXShellScriptBuildPhase;
			buildActionMask = 2147483647;
			files = (
			);
			inputFileListPaths = (
			);
			inputPaths = (
				"${PODS_PODFILE_DIR_PATH}/Podfile.lock",
				"${PODS_ROOT}/Manifest.lock",
			);
			name = "[CP] Check Pods Manifest.lock";
			outputFileListPaths = (
			);
			outputPaths = (
				"$(DERIVED_FILE_DIR)/Pods-AwesomeProject-checkManifestLockResult.txt",
			);
			runOnlyForDeploymentPostprocessing = 0;
			shellPath = /bin/sh;
			shellScript = "diff \"${PODS_PODFILE_DIR_PATH}/Podfile.lock\" \"${PODS_ROOT}/Manifest.lock\" > /dev/null\nif [ $? != 0 ] ; then\n    # print error to STDERR\n    echo \"error: The sandbox is not in sync with the Podfile.lock. Run 'pod install' or update your CocoaPods installation.\" >&2\n    exit 1\nfi\n# This output is used by Xcode 'outputs' to avoid re-running this script phase.\necho \"SUCCESS\" > \"${SCRIPT_OUTPUT_FILE_0}\"\n";
			showEnvVarsInLog = 0;
		};
		83C86016472B740D5D71317F /* [CP] Copy Pods Resources */ = {
			isa = PBXShellScriptBuildPhase;
			buildActionMask = 2147483647;
			files = (
			);
			inputFileListPaths = (
				"${PODS_ROOT}/Target Support Files/Pods-AwesomeProject-AwesomeProjectTests/Pods-AwesomeProject-AwesomeProjectTests-resources-${CONFIGURATION}-input-files.xcfilelist",
			);
			name = "[CP] Copy Pods Resources";
			outputFileListPaths = (
				"${PODS_ROOT}/Target Support Files/Pods-AwesomeProject-AwesomeProjectTests/Pods-AwesomeProject-AwesomeProjectTests-resources-${CONFIGURATION}-output-files.xcfilelist",
			);
			runOnlyForDeploymentPostprocessing = 0;
			shellPath = /bin/sh;
			shellScript = "\"${PODS_ROOT}/Target Support Files/Pods-AwesomeProject-AwesomeProjectTests/Pods-AwesomeProject-AwesomeProjectTests-resources.sh\"\n";
			showEnvVarsInLog = 0;
		};
		8AF20DB6B639F0AD1A01B4D0 /* [CP] Copy Pods Resources */ = {
			isa = PBXShellScriptBuildPhase;
			buildActionMask = 2147483647;
			files = (
			);
			inputFileListPaths = (
				"${PODS_ROOT}/Target Support Files/Pods-AwesomeProject/Pods-AwesomeProject-resources-${CONFIGURATION}-input-files.xcfilelist",
			);
			name = "[CP] Copy Pods Resources";
			outputFileListPaths = (
				"${PODS_ROOT}/Target Support Files/Pods-AwesomeProject/Pods-AwesomeProject-resources-${CONFIGURATION}-output-files.xcfilelist",
			);
			runOnlyForDeploymentPostprocessing = 0;
			shellPath = /bin/sh;
			shellScript = "\"${PODS_ROOT}/Target Support Files/Pods-AwesomeProject/Pods-AwesomeProject-resources.sh\"\n";
			showEnvVarsInLog = 0;
		};
/* End PBXShellScriptBuildPhase section */

/* Begin PBXSourcesBuildPhase section */
		3E3A60C42C4970F100594051 /* Sources */ = {
			isa = PBXSourcesBuildPhase;
			buildActionMask = 2147483647;
			files = (
				3E3A60D02C4970F100594051 /* ViewController.swift in Sources */,
				3E3A60CC2C4970F100594051 /* AppDelegate.swift in Sources */,
				3E3A61072C54E54700594051 /* AWRNManager.swift in Sources */,
				3E3A61022C54E4E400594051 /* AwesomeProject.swift in Sources */,
				3E3A610E2C54E93800594051 /* AWUIEeventManager.m in Sources */,
				3E3A60CE2C4970F100594051 /* SceneDelegate.swift in Sources */,
				3E3A61132C54F4EC00594051 /* EventEmitterModule.m in Sources */,
			);
			runOnlyForDeploymentPostprocessing = 0;
		};
		3E3A60DA2C4970F300594051 /* Sources */ = {
			isa = PBXSourcesBuildPhase;
			buildActionMask = 2147483647;
			files = (
				3E3A60E32C4970F300594051 /* AwesomeProjectTests.swift in Sources */,
				3E3A61082C54E54700594051 /* AWRNManager.swift in Sources */,
				3E3A610F2C54E93800594051 /* AWUIEeventManager.m in Sources */,
				3E3A61142C54F4EC00594051 /* EventEmitterModule.m in Sources */,
				3E3A61032C54E4E400594051 /* AwesomeProject.swift in Sources */,
			);
			runOnlyForDeploymentPostprocessing = 0;
		};
		3E3A60E42C4970F300594051 /* Sources */ = {
			isa = PBXSourcesBuildPhase;
			buildActionMask = 2147483647;
			files = (
				3E3A61042C54E4E400594051 /* AwesomeProject.swift in Sources */,
				3E3A61152C54F4EC00594051 /* EventEmitterModule.m in Sources */,
				3E3A60EF2C4970F300594051 /* AwesomeProjectUITestsLaunchTests.swift in Sources */,
				3E3A61102C54E93800594051 /* AWUIEeventManager.m in Sources */,
				3E3A60ED2C4970F300594051 /* AwesomeProjectUITests.swift in Sources */,
				3E3A61092C54E54700594051 /* AWRNManager.swift in Sources */,
			);
			runOnlyForDeploymentPostprocessing = 0;
		};
/* End PBXSourcesBuildPhase section */

/* Begin PBXTargetDependency section */
		3E3A60E02C4970F300594051 /* PBXTargetDependency */ = {
			isa = PBXTargetDependency;
			target = 3E3A60C72C4970F100594051 /* AwesomeProject */;
			targetProxy = 3E3A60DF2C4970F300594051 /* PBXContainerItemProxy */;
		};
		3E3A60EA2C4970F300594051 /* PBXTargetDependency */ = {
			isa = PBXTargetDependency;
			target = 3E3A60C72C4970F100594051 /* AwesomeProject */;
			targetProxy = 3E3A60E92C4970F300594051 /* PBXContainerItemProxy */;
		};
/* End PBXTargetDependency section */

/* Begin PBXVariantGroup section */
		3E3A60D12C4970F100594051 /* Main.storyboard */ = {
			isa = PBXVariantGroup;
			children = (
				3E3A60D22C4970F100594051 /* Base */,
			);
			name = Main.storyboard;
			sourceTree = "<group>";
		};
		3E3A60D62C4970F300594051 /* LaunchScreen.storyboard */ = {
			isa = PBXVariantGroup;
			children = (
				3E3A60D72C4970F300594051 /* Base */,
			);
			name = LaunchScreen.storyboard;
			sourceTree = "<group>";
		};
/* End PBXVariantGroup section */

/* Begin XCBuildConfiguration section */
		3E3A60F02C4970F300594051 /* Debug */ = {
			isa = XCBuildConfiguration;
			buildSettings = {
				ALWAYS_SEARCH_USER_PATHS = NO;
				ASSETCATALOG_COMPILER_GENERATE_SWIFT_ASSET_SYMBOL_EXTENSIONS = YES;
				CC = "";
				CLANG_ANALYZER_NONNULL = YES;
				CLANG_ANALYZER_NUMBER_OBJECT_CONVERSION = YES_AGGRESSIVE;
				CLANG_CXX_LANGUAGE_STANDARD = "c++20";
				CLANG_ENABLE_MODULES = YES;
				CLANG_ENABLE_OBJC_ARC = YES;
				CLANG_ENABLE_OBJC_WEAK = YES;
				CLANG_WARN_BLOCK_CAPTURE_AUTORELEASING = YES;
				CLANG_WARN_BOOL_CONVERSION = YES;
				CLANG_WARN_COMMA = YES;
				CLANG_WARN_CONSTANT_CONVERSION = YES;
				CLANG_WARN_DEPRECATED_OBJC_IMPLEMENTATIONS = YES;
				CLANG_WARN_DIRECT_OBJC_ISA_USAGE = YES_ERROR;
				CLANG_WARN_DOCUMENTATION_COMMENTS = YES;
				CLANG_WARN_EMPTY_BODY = YES;
				CLANG_WARN_ENUM_CONVERSION = YES;
				CLANG_WARN_INFINITE_RECURSION = YES;
				CLANG_WARN_INT_CONVERSION = YES;
				CLANG_WARN_NON_LITERAL_NULL_CONVERSION = YES;
				CLANG_WARN_OBJC_IMPLICIT_RETAIN_SELF = YES;
				CLANG_WARN_OBJC_LITERAL_CONVERSION = YES;
				CLANG_WARN_OBJC_ROOT_CLASS = YES_ERROR;
				CLANG_WARN_QUOTED_INCLUDE_IN_FRAMEWORK_HEADER = YES;
				CLANG_WARN_RANGE_LOOP_ANALYSIS = YES;
				CLANG_WARN_STRICT_PROTOTYPES = YES;
				CLANG_WARN_SUSPICIOUS_MOVE = YES;
				CLANG_WARN_UNGUARDED_AVAILABILITY = YES_AGGRESSIVE;
				CLANG_WARN_UNREACHABLE_CODE = YES;
				CLANG_WARN__DUPLICATE_METHOD_MATCH = YES;
				COPY_PHASE_STRIP = NO;
				CXX = "";
				DEBUG_INFORMATION_FORMAT = dwarf;
				ENABLE_STRICT_OBJC_MSGSEND = YES;
				ENABLE_TESTABILITY = YES;
				ENABLE_USER_SCRIPT_SANDBOXING = YES;
				GCC_C_LANGUAGE_STANDARD = gnu17;
				GCC_DYNAMIC_NO_PIC = NO;
				GCC_NO_COMMON_BLOCKS = YES;
				GCC_OPTIMIZATION_LEVEL = 0;
				GCC_PREPROCESSOR_DEFINITIONS = (
					"DEBUG=1",
					"$(inherited)",
				);
				GCC_WARN_64_TO_32_BIT_CONVERSION = YES;
				GCC_WARN_ABOUT_RETURN_TYPE = YES_ERROR;
				GCC_WARN_UNDECLARED_SELECTOR = YES;
				GCC_WARN_UNINITIALIZED_AUTOS = YES_AGGRESSIVE;
				GCC_WARN_UNUSED_FUNCTION = YES;
				GCC_WARN_UNUSED_VARIABLE = YES;
				IPHONEOS_DEPLOYMENT_TARGET = 17.5;
				LD = "";
				LDPLUSPLUS = "";
				LOCALIZATION_PREFERS_STRING_CATALOGS = YES;
				MTL_ENABLE_DEBUG_INFO = INCLUDE_SOURCE;
				MTL_FAST_MATH = YES;
				ONLY_ACTIVE_ARCH = YES;
				OTHER_LDFLAGS = "$(inherited)  ";
				REACT_NATIVE_PATH = "${PODS_ROOT}/../../node_modules/react-native";
				SDKROOT = iphoneos;
				SWIFT_ACTIVE_COMPILATION_CONDITIONS = "DEBUG $(inherited)";
				SWIFT_OPTIMIZATION_LEVEL = "-Onone";
				USE_HERMES = true;
			};
			name = Debug;
		};
		3E3A60F12C4970F300594051 /* Release */ = {
			isa = XCBuildConfiguration;
			buildSettings = {
				ALWAYS_SEARCH_USER_PATHS = NO;
				ASSETCATALOG_COMPILER_GENERATE_SWIFT_ASSET_SYMBOL_EXTENSIONS = YES;
				CC = "";
				CLANG_ANALYZER_NONNULL = YES;
				CLANG_ANALYZER_NUMBER_OBJECT_CONVERSION = YES_AGGRESSIVE;
				CLANG_CXX_LANGUAGE_STANDARD = "c++20";
				CLANG_ENABLE_MODULES = YES;
				CLANG_ENABLE_OBJC_ARC = YES;
				CLANG_ENABLE_OBJC_WEAK = YES;
				CLANG_WARN_BLOCK_CAPTURE_AUTORELEASING = YES;
				CLANG_WARN_BOOL_CONVERSION = YES;
				CLANG_WARN_COMMA = YES;
				CLANG_WARN_CONSTANT_CONVERSION = YES;
				CLANG_WARN_DEPRECATED_OBJC_IMPLEMENTATIONS = YES;
				CLANG_WARN_DIRECT_OBJC_ISA_USAGE = YES_ERROR;
				CLANG_WARN_DOCUMENTATION_COMMENTS = YES;
				CLANG_WARN_EMPTY_BODY = YES;
				CLANG_WARN_ENUM_CONVERSION = YES;
				CLANG_WARN_INFINITE_RECURSION = YES;
				CLANG_WARN_INT_CONVERSION = YES;
				CLANG_WARN_NON_LITERAL_NULL_CONVERSION = YES;
				CLANG_WARN_OBJC_IMPLICIT_RETAIN_SELF = YES;
				CLANG_WARN_OBJC_LITERAL_CONVERSION = YES;
				CLANG_WARN_OBJC_ROOT_CLASS = YES_ERROR;
				CLANG_WARN_QUOTED_INCLUDE_IN_FRAMEWORK_HEADER = YES;
				CLANG_WARN_RANGE_LOOP_ANALYSIS = YES;
				CLANG_WARN_STRICT_PROTOTYPES = YES;
				CLANG_WARN_SUSPICIOUS_MOVE = YES;
				CLANG_WARN_UNGUARDED_AVAILABILITY = YES_AGGRESSIVE;
				CLANG_WARN_UNREACHABLE_CODE = YES;
				CLANG_WARN__DUPLICATE_METHOD_MATCH = YES;
				COPY_PHASE_STRIP = NO;
				CXX = "";
				DEBUG_INFORMATION_FORMAT = "dwarf-with-dsym";
				ENABLE_NS_ASSERTIONS = NO;
				ENABLE_STRICT_OBJC_MSGSEND = YES;
				ENABLE_USER_SCRIPT_SANDBOXING = YES;
				GCC_C_LANGUAGE_STANDARD = gnu17;
				GCC_NO_COMMON_BLOCKS = YES;
				GCC_WARN_64_TO_32_BIT_CONVERSION = YES;
				GCC_WARN_ABOUT_RETURN_TYPE = YES_ERROR;
				GCC_WARN_UNDECLARED_SELECTOR = YES;
				GCC_WARN_UNINITIALIZED_AUTOS = YES_AGGRESSIVE;
				GCC_WARN_UNUSED_FUNCTION = YES;
				GCC_WARN_UNUSED_VARIABLE = YES;
				IPHONEOS_DEPLOYMENT_TARGET = 17.5;
				LD = "";
				LDPLUSPLUS = "";
				LOCALIZATION_PREFERS_STRING_CATALOGS = YES;
				MTL_ENABLE_DEBUG_INFO = NO;
				MTL_FAST_MATH = YES;
				OTHER_LDFLAGS = "$(inherited)  ";
				REACT_NATIVE_PATH = "${PODS_ROOT}/../../node_modules/react-native";
				SDKROOT = iphoneos;
				SWIFT_COMPILATION_MODE = wholemodule;
				USE_HERMES = true;
				VALIDATE_PRODUCT = YES;
			};
			name = Release;
		};
		3E3A60F32C4970F300594051 /* Debug */ = {
			isa = XCBuildConfiguration;
			baseConfigurationReference = AAF2DA2DEC03C2A825BB0A92 /* Pods-AwesomeProject.debug.xcconfig */;
			buildSettings = {
				ASSETCATALOG_COMPILER_APPICON_NAME = AppIcon;
				ASSETCATALOG_COMPILER_GLOBAL_ACCENT_COLOR_NAME = AccentColor;
				CLANG_ENABLE_MODULES = YES;
				CODE_SIGN_STYLE = Automatic;
				CURRENT_PROJECT_VERSION = 1;
				ENABLE_USER_SCRIPT_SANDBOXING = NO;
				GENERATE_INFOPLIST_FILE = YES;
				INFOPLIST_FILE = AwesomeProject/Info.plist;
				INFOPLIST_KEY_UIApplicationSupportsIndirectInputEvents = YES;
				INFOPLIST_KEY_UILaunchStoryboardName = LaunchScreen;
				INFOPLIST_KEY_UIMainStoryboardFile = Main;
				INFOPLIST_KEY_UISupportedInterfaceOrientations_iPad = "UIInterfaceOrientationPortrait UIInterfaceOrientationPortraitUpsideDown UIInterfaceOrientationLandscapeLeft UIInterfaceOrientationLandscapeRight";
				INFOPLIST_KEY_UISupportedInterfaceOrientations_iPhone = "UIInterfaceOrientationPortrait UIInterfaceOrientationLandscapeLeft UIInterfaceOrientationLandscapeRight";
				IPHONEOS_DEPLOYMENT_TARGET = 17.5;
				LD_RUNPATH_SEARCH_PATHS = (
					"$(inherited)",
					"@executable_path/Frameworks",
				);
				MARKETING_VERSION = 1.0;
				PRODUCT_BUNDLE_IDENTIFIER = jacken.AwesomeProject;
				PRODUCT_NAME = "$(TARGET_NAME)";
				SWIFT_EMIT_LOC_STRINGS = YES;
				SWIFT_OBJC_BRIDGING_HEADER = "AwesomeProject/Module/AwesomeProject-Bridging-Header.h";
				SWIFT_OPTIMIZATION_LEVEL = "-Onone";
				SWIFT_VERSION = 5.0;
				TARGETED_DEVICE_FAMILY = "1,2";
			};
			name = Debug;
		};
		3E3A60F42C4970F300594051 /* Release */ = {
			isa = XCBuildConfiguration;
			baseConfigurationReference = AA3D0EF44077EDCBDFF7758D /* Pods-AwesomeProject.release.xcconfig */;
			buildSettings = {
				ASSETCATALOG_COMPILER_APPICON_NAME = AppIcon;
				ASSETCATALOG_COMPILER_GLOBAL_ACCENT_COLOR_NAME = AccentColor;
				CLANG_ENABLE_MODULES = YES;
				CODE_SIGN_STYLE = Automatic;
				CURRENT_PROJECT_VERSION = 1;
				ENABLE_USER_SCRIPT_SANDBOXING = NO;
				GENERATE_INFOPLIST_FILE = YES;
				INFOPLIST_FILE = AwesomeProject/Info.plist;
				INFOPLIST_KEY_UIApplicationSupportsIndirectInputEvents = YES;
				INFOPLIST_KEY_UILaunchStoryboardName = LaunchScreen;
				INFOPLIST_KEY_UIMainStoryboardFile = Main;
				INFOPLIST_KEY_UISupportedInterfaceOrientations_iPad = "UIInterfaceOrientationPortrait UIInterfaceOrientationPortraitUpsideDown UIInterfaceOrientationLandscapeLeft UIInterfaceOrientationLandscapeRight";
				INFOPLIST_KEY_UISupportedInterfaceOrientations_iPhone = "UIInterfaceOrientationPortrait UIInterfaceOrientationLandscapeLeft UIInterfaceOrientationLandscapeRight";
				IPHONEOS_DEPLOYMENT_TARGET = 17.5;
				LD_RUNPATH_SEARCH_PATHS = (
					"$(inherited)",
					"@executable_path/Frameworks",
				);
				MARKETING_VERSION = 1.0;
				PRODUCT_BUNDLE_IDENTIFIER = jacken.AwesomeProject;
				PRODUCT_NAME = "$(TARGET_NAME)";
				SWIFT_EMIT_LOC_STRINGS = YES;
				SWIFT_OBJC_BRIDGING_HEADER = "AwesomeProject/Module/AwesomeProject-Bridging-Header.h";
				SWIFT_VERSION = 5.0;
				TARGETED_DEVICE_FAMILY = "1,2";
			};
			name = Release;
		};
		3E3A60F62C4970F300594051 /* Debug */ = {
			isa = XCBuildConfiguration;
			baseConfigurationReference = 97F6122239E26C1E5436B3E9 /* Pods-AwesomeProject-AwesomeProjectTests.debug.xcconfig */;
			buildSettings = {
				ALWAYS_EMBED_SWIFT_STANDARD_LIBRARIES = YES;
				BUNDLE_LOADER = "$(TEST_HOST)";
				CLANG_ENABLE_MODULES = YES;
				CODE_SIGN_STYLE = Automatic;
				CURRENT_PROJECT_VERSION = 1;
				GENERATE_INFOPLIST_FILE = YES;
				IPHONEOS_DEPLOYMENT_TARGET = 17.5;
				MARKETING_VERSION = 1.0;
				PRODUCT_BUNDLE_IDENTIFIER = jacken.AwesomeProjectTests;
				PRODUCT_NAME = "$(TARGET_NAME)";
				SWIFT_EMIT_LOC_STRINGS = NO;
				SWIFT_OBJC_BRIDGING_HEADER = "AwesomeProject/Manager/AwesomeProjectTests-Bridging-Header.h";
				SWIFT_OPTIMIZATION_LEVEL = "-Onone";
				SWIFT_VERSION = 5.0;
				TARGETED_DEVICE_FAMILY = "1,2";
				TEST_HOST = "$(BUILT_PRODUCTS_DIR)/AwesomeProject.app/$(BUNDLE_EXECUTABLE_FOLDER_PATH)/AwesomeProject";
			};
			name = Debug;
		};
		3E3A60F72C4970F300594051 /* Release */ = {
			isa = XCBuildConfiguration;
			baseConfigurationReference = A23157E7F1C2F9DAD38A39B5 /* Pods-AwesomeProject-AwesomeProjectTests.release.xcconfig */;
			buildSettings = {
				ALWAYS_EMBED_SWIFT_STANDARD_LIBRARIES = YES;
				BUNDLE_LOADER = "$(TEST_HOST)";
				CLANG_ENABLE_MODULES = YES;
				CODE_SIGN_STYLE = Automatic;
				CURRENT_PROJECT_VERSION = 1;
				GENERATE_INFOPLIST_FILE = YES;
				IPHONEOS_DEPLOYMENT_TARGET = 17.5;
				MARKETING_VERSION = 1.0;
				PRODUCT_BUNDLE_IDENTIFIER = jacken.AwesomeProjectTests;
				PRODUCT_NAME = "$(TARGET_NAME)";
				SWIFT_EMIT_LOC_STRINGS = NO;
				SWIFT_OBJC_BRIDGING_HEADER = "AwesomeProject/Manager/AwesomeProjectTests-Bridging-Header.h";
				SWIFT_VERSION = 5.0;
				TARGETED_DEVICE_FAMILY = "1,2";
				TEST_HOST = "$(BUILT_PRODUCTS_DIR)/AwesomeProject.app/$(BUNDLE_EXECUTABLE_FOLDER_PATH)/AwesomeProject";
			};
			name = Release;
		};
		3E3A60F92C4970F300594051 /* Debug */ = {
			isa = XCBuildConfiguration;
			buildSettings = {
				ALWAYS_EMBED_SWIFT_STANDARD_LIBRARIES = YES;
				CLANG_ENABLE_MODULES = YES;
				CODE_SIGN_STYLE = Automatic;
				CURRENT_PROJECT_VERSION = 1;
				GENERATE_INFOPLIST_FILE = YES;
				MARKETING_VERSION = 1.0;
				PRODUCT_BUNDLE_IDENTIFIER = jacken.AwesomeProjectUITests;
				PRODUCT_NAME = "$(TARGET_NAME)";
				SWIFT_EMIT_LOC_STRINGS = NO;
				SWIFT_OBJC_BRIDGING_HEADER = "AwesomeProject/Manager/AwesomeProjectUITests-Bridging-Header.h";
				SWIFT_OPTIMIZATION_LEVEL = "-Onone";
				SWIFT_VERSION = 5.0;
				TARGETED_DEVICE_FAMILY = "1,2";
				TEST_TARGET_NAME = AwesomeProject;
			};
			name = Debug;
		};
		3E3A60FA2C4970F300594051 /* Release */ = {
			isa = XCBuildConfiguration;
			buildSettings = {
				ALWAYS_EMBED_SWIFT_STANDARD_LIBRARIES = YES;
				CLANG_ENABLE_MODULES = YES;
				CODE_SIGN_STYLE = Automatic;
				CURRENT_PROJECT_VERSION = 1;
				GENERATE_INFOPLIST_FILE = YES;
				MARKETING_VERSION = 1.0;
				PRODUCT_BUNDLE_IDENTIFIER = jacken.AwesomeProjectUITests;
				PRODUCT_NAME = "$(TARGET_NAME)";
				SWIFT_EMIT_LOC_STRINGS = NO;
				SWIFT_OBJC_BRIDGING_HEADER = "AwesomeProject/Manager/AwesomeProjectUITests-Bridging-Header.h";
				SWIFT_VERSION = 5.0;
				TARGETED_DEVICE_FAMILY = "1,2";
				TEST_TARGET_NAME = AwesomeProject;
			};
			name = Release;
		};
/* End XCBuildConfiguration section */

/* Begin XCConfigurationList section */
		3E3A60C32C4970F100594051 /* Build configuration list for PBXProject "AwesomeProject" */ = {
			isa = XCConfigurationList;
			buildConfigurations = (
				3E3A60F02C4970F300594051 /* Debug */,
				3E3A60F12C4970F300594051 /* Release */,
			);
			defaultConfigurationIsVisible = 0;
			defaultConfigurationName = Release;
		};
		3E3A60F22C4970F300594051 /* Build configuration list for PBXNativeTarget "AwesomeProject" */ = {
			isa = XCConfigurationList;
			buildConfigurations = (
				3E3A60F32C4970F300594051 /* Debug */,
				3E3A60F42C4970F300594051 /* Release */,
			);
			defaultConfigurationIsVisible = 0;
			defaultConfigurationName = Release;
		};
		3E3A60F52C4970F300594051 /* Build configuration list for PBXNativeTarget "AwesomeProjectTests" */ = {
			isa = XCConfigurationList;
			buildConfigurations = (
				3E3A60F62C4970F300594051 /* Debug */,
				3E3A60F72C4970F300594051 /* Release */,
			);
			defaultConfigurationIsVisible = 0;
			defaultConfigurationName = Release;
		};
		3E3A60F82C4970F300594051 /* Build configuration list for PBXNativeTarget "AwesomeProjectUITests" */ = {
			isa = XCConfigurationList;
			buildConfigurations = (
				3E3A60F92C4970F300594051 /* Debug */,
				3E3A60FA2C4970F300594051 /* Release */,
			);
			defaultConfigurationIsVisible = 0;
			defaultConfigurationName = Release;
		};
/* End XCConfigurationList section */
	};
	rootObject = 3E3A60C02C4970F100594051 /* Project object */;
}
